- concept: признак дедлока в queue-driven — одновременность пустой очереди и отсутствия занятых воркеров, выдержанная во времени
  question: В queue-driven системе с четырьмя воркерами очередь заданий периодически пустеет. Какое условие годится как признак возможного дедлока?
  explanation: 'Пустая очередь при работающем воркере нормальна: он может выполнять долгую операцию и в конце положить новые задания. Простой одного воркера тоже нормален. Опасна только конъюнкция — работы нет и никто её не производит, — и лишь если она держится, а не мелькнула на мгновение.'
  kind: choice
  options:
    - Очередь пуста и одновременно ни один воркер не занят, и это сохраняется дольше выбранного порога
    - Очередь пуста в момент проверки
    - Хотя бы один воркер простаивает дольше порога
    - Число заданий в очереди меньше числа воркеров
  correct: 0
  id: 039-queue-deadlock-1
  fingerprint: e8b9d0bc
- concept: дедлок и нормальное завершение дают одинаковую наблюдаемую картину, различает их наличие незакрытой ожидаемой работы
  question: 'Тайм-аут сработал: 45 секунд очередь пуста и никто не занят. Что позволяет отличить дедлок от нормального завершения прогона?'
  explanation: 'Внешне оба исхода выглядят одинаково: пустая очередь, никто не работает, ошибок нет. Различие даёт только ожидаемая работа — незавершённое задание или зависимость, которую некому удовлетворить. Тайм-аут сам по себе причину не называет.'
  kind: choice
  options:
    - 'Наличие незакрытого задания или неудовлетворённой зависимости: если ожидаемая работа осталась — это дедлок, если цель достигнута — конец'
    - 'Длительность тишины: при дедлоке она всегда больше'
    - Число воркеров, простаивающих в момент срабатывания тайм-аута
    - Загрузка процессора в момент срабатывания тайм-аута
  correct: 0
  id: 039-queue-deadlock-2
  fingerprint: 2e16fe60
- concept: дедлок ожидания не порождает исключения, поэтому требует отдельного детектора, а не обработчика ошибок
  question: Почему взаимная блокировка воркеров, ждущих задания друг от друга, не проявляется как ошибка выполнения, и что из этого следует для реализации?
  explanation: Дедлок — свойство системы, а не одного участника, поэтому и обнаруживается на уровне оркестратора, наблюдающего очередь и состояние всех воркеров.
  kind: open
  reference: 'Каждый воркер ведёт себя корректно: он ждёт задание — это штатная операция, а не сбой. Исключения не бросается, процесс жив, нагрузка около нуля, журнал просто перестаёт пополняться. Поэтому обработчик ошибок такой случай не поймает: нужен отдельный наблюдатель, который следит за системой целиком — за пустотой очереди и занятостью всех воркеров — и останавливает прогон по тайм-ауту. Без такого детектора прогон висит бесконечно; с ним бесконечное молчание превращается в обнаруживаемый и отчитываемый исход.'
  id: 039-queue-deadlock-3
  fingerprint: a4ca0191
