- concept: признак дедлока в queue-driven — одновременность пустой очереди и отсутствия занятых воркеров, выдержанная во времени
  question: В queue-driven системе с четырьмя воркерами очередь заданий периодически пустеет. Какое условие годится как признак возможного дедлока?
  explanation: 'Пустая очередь при работающем воркере нормальна: он может выполнять долгую операцию и в конце положить новые задания. Простой одного воркера тоже нормален. Опасна только конъюнкция — работы нет и никто её не производит, — и лишь если она держится, а не мелькнула на мгновение.'
  kind: choice
  options:
    - Очередь пуста и одновременно ни один воркер не занят, и это сохраняется дольше выбранного порога
    - Очередь пуста в момент проверки
    - Хотя бы один воркер простаивает дольше порога
    - Число заданий в очереди меньше числа воркеров
  correct: 0
  id: 039-queue-deadlock-1
  fingerprint: e8b9d0bc
