- concept: основная и обходная ветви residual-блока вычисляются одновременно, а их результаты складываются
  question: Как основная и обходная ветви работают во время прямого прохода через residual-блок?
  explanation: 'Residual-блок не переключается между маршрутами. Основная ветвь вычисляет поправку F(x), обходная переносит входной сигнал, а затем блок складывает их: y = F(x) + x.'
  kind: choice
  options:
    - Блок выбирает только одну из ветвей в зависимости от входа
    - Обходная ветвь включается лишь при неудачном результате основной
    - Обе ветви работают одновременно, после чего их выходы складываются
    - Основная ветвь используется при обучении, а обходная — при инференсе
  correct: 2
  id: 036-residual-block-1
  fingerprint: 128d3f8c
- concept: остаточная ветвь учит разность между требуемым выходом блока и его входом
  question: Какую функцию должна выучить основная ветвь, если residual-блок должен преобразовать вход x в требуемый выход y?
  explanation: Из уравнения residual-блока следует F(x) = y − x. Поэтому основная ветвь учит не всё преобразование заново, а поправку к уже переданному входному представлению.
  kind: cloze
  template: y = F(x) + x  ⇒  F(x) = ___
  answer: y - x
  accept:
    - y-x
    - y − x
    - целевой выход минус x
  id: 036-residual-block-2
  fingerprint: acdd7c7d
