- concept: основная и обходная ветви residual-блока вычисляются одновременно, а их результаты складываются
  question: Как основная и обходная ветви работают во время прямого прохода через residual-блок?
  explanation: 'Residual-блок не переключается между маршрутами. Основная ветвь вычисляет поправку F(x), обходная переносит входной сигнал, а затем блок складывает их: y = F(x) + x.'
  kind: choice
  options:
    - Блок выбирает только одну из ветвей в зависимости от входа
    - Обходная ветвь включается лишь при неудачном результате основной
    - Обе ветви работают одновременно, после чего их выходы складываются
    - Основная ветвь используется при обучении, а обходная — при инференсе
  correct: 2
  id: 036-residual-block-1
  fingerprint: 128d3f8c
