- concept: residual-связь сохраняет вход подслоя и добавляет к нему вычисленное преобразование
  question: Заполни пропуск так, чтобы feed-forward оставался residual-подслоем.
  explanation: Residual-подслой прибавляет результат FFN к исходному x. Если FFN выдаёт нулевой вклад, поток проходит через этот подслой без изменений; простое присваивание результата FFN уничтожило бы этот путь.
  kind: cloze
  template: x = ___ + self.ffn(self.norm_ffn(x))
  answer: x
  accept:
    - x
  id: 009-decoder-block-1
  fingerprint: 984f770d
