- concept: параллельное ускорение возможно только для независимых подзадач; зависимость возвращает последовательное выполнение
  question: Ведущий разбил исследование на четыре подзадачи, но одна из них может начаться только после того, как другая вернёт результат. Что будет со временем ответа?
  explanation: Параллелизм работает только там, где ветви независимы. Связанные подзадачи выстраиваются в цепочку, и их времена складываются — ускоряется лишь та часть работы, которую удалось сделать независимой.
  kind: choice
  options:
    - 'Ничего не изменится: все четыре завершатся за время самой долгой подзадачи'
    - Зависимая пара выполняется по очереди, поэтому выигрыш по времени меньше ожидаемого от четырёх воркеров
    - Расход токенов вырастет вчетверо, а время останется прежним
    - Ведущий обязан объединить обе подзадачи в одну, иначе запуск невозможен
  correct: 1
  id: 008-wall-clock-1
  fingerprint: 9448608e
