- concept: параллельное ускорение возможно только для независимых подзадач; зависимость возвращает последовательное выполнение
  question: Ведущий разбил исследование на четыре подзадачи, но одна из них может начаться только после того, как другая вернёт результат. Что будет со временем ответа?
  explanation: Параллелизм работает только там, где ветви независимы. Связанные подзадачи выстраиваются в цепочку, и их времена складываются — ускоряется лишь та часть работы, которую удалось сделать независимой.
  kind: choice
  options:
    - 'Ничего не изменится: все четыре завершатся за время самой долгой подзадачи'
    - Зависимая пара выполняется по очереди, поэтому выигрыш по времени меньше ожидаемого от четырёх воркеров
    - Расход токенов вырастет вчетверо, а время останется прежним
    - Ведущий обязан объединить обе подзадачи в одну, иначе запуск невозможен
  correct: 1
  id: 008-wall-clock-1
  fingerprint: 9448608e
- concept: фазы ведущего выполняются последовательно, поэтому дробление задачи ускоряет только фазу исследования
  question: Ведущий дробит задачу на всё более мелкие подзадачи и запускает всё больше воркеров одновременно. Почему время до ответа перестаёт заметно падать?
  explanation: Одновременным запуском сжимается только фаза исследования, и она упирается в самого медленного воркера. Разбиение задачи и синтез результатов остаются последовательной работой ведущего, поэтому с ростом числа воркеров их доля во времени ответа растёт.
  kind: choice
  options:
    - Модель начинает отвечать медленнее из-за числа одновременных запросов
    - Планирование до запуска и сведение отчётов после него выполняет один узел последовательно, и они не ускоряются добавлением воркеров
    - Отчёты воркеров начинают противоречить друг другу, и запуск приходится повторять
    - Каждый новый воркер увеличивает время работы остальных
  correct: 1
  id: 008-wall-clock-2
  fingerprint: 6ce38987
