- concept: residual-связь превращает подслой с нулевой поправкой в тождественное преобразование
  question: Что вернёт transformer-блок с residual-связями, если и attention, и FFN выдают только нулевые поправки?
  explanation: Каждый residual-путь вычисляет состояние как вход плюс поправка. При нулевой поправке состояние не меняется, поэтому после обоих подслоёв блок возвращает исходный тензор.
  kind: choice
  options:
    - Точный входной тензор блока
    - Нормализованную версию входного тензора
    - Тензор, целиком состоящий из нулей
    - Сумму двух нормализованных копий входа
  correct: 0
  id: 006-block-1
  fingerprint: 84676de1
