- concept: в смешанном парке TensorRT-LLM можно сочетать с переносимым путём сервинга
  question: Как организовать сервинг, если часть инфраструктуры работает на NVIDIA, а часть — на ускорителях других производителей?
  explanation: TensorRT-LLM зависит от CUDA и специализированных ядер NVIDIA. Его можно применять на выделенной части инфраструктуры, сохраняя vLLM или другой переносимый движок для остального парка.
  kind: choice
  options:
    - Использовать TensorRT-LLM на подходящем оборудовании NVIDIA, а для смешанного парка поддерживать переносимый путь через vLLM
    - Один раз собрать TensorRT-LLM на NVIDIA и копировать эту сборку на любые ускорители
    - Полностью отказаться от переносимого движка, поскольку CUDA автоматически адаптируется к другим архитектурам
  correct: 0
  id: 033-nvidia-lock-1
  fingerprint: f782aa65
