- concept: подслои attention и FFN используют независимые обучаемые параметры нормализации
  question: Как следует параметризовать RMSNorm в pre-norm Transformer-блоке с ветвями attention и FFN?
  explanation: Attention и FFN выполняют разные преобразования и получают входы из разных состояний residual stream, поэтому каждому подслою нужен собственный обучаемый масштаб RMSNorm. Общий вектор искусственно связывает настройку двух ветвей.
  kind: choice
  options:
    - Использовать один общий вектор масштаба для обеих ветвей
    - Использовать отдельный вектор масштаба перед каждой ветвью
    - Обучать масштаб только перед attention, а перед FFN использовать единицы
  correct: 1
  id: 025-block-1
  fingerprint: a6d21fb4
