- concept: стандартный блок энкодера состоит из self-attention и FFN и не содержит cross-attention
  question: Какой набор подслоёв соответствует стандартному блоку энкодера Transformer?
  explanation: Блок энкодера содержит self-attention для обмена контекстом внутри входной последовательности и следующий за ним FFN. Cross-attention нужен декодеру для обращения к выходу энкодера и в сам блок энкодера не входит.
  kind: choice
  options:
    - Self-attention и FFN
    - Self-attention, cross-attention и FFN
    - Cross-attention и FFN
    - Только FFN
  correct: 0
  id: 018-encoder-block-1
  fingerprint: 87a4d4db
