- concept: порядок подслоёв в полном блоке декодера Transformer
  question: Расположите подслои полного декодерного блока Transformer в порядке обработки представлений.
  explanation: Сначала декодер учитывает ранее сгенерированные токены, затем получает информацию от энкодера через cross-attention и после этого преобразует результат с помощью FFN.
  kind: order
  items:
    - Masked self-attention по уже сформированной части выходной последовательности
    - Cross-attention к выходам энкодера
    - Позиционно-независимая FFN
  id: 019-decoder-block-1
  fingerprint: 334c08f9
