- concept: Transformer-блок сохраняет форму тензора, чтобы блоки можно было последовательно складывать в стек
  question: Блок Transformer получает тензор представлений формы `(L, D)`. Какая форма выхода позволяет передать результат непосредственно в следующий такой же блок?
  explanation: Transformer-блок должен сохранять длину последовательности и ширину модели. Attention и FFN выполняют внутренние преобразования, но перед residual-сложением возвращаются к форме входа, поэтому выход одного блока совместим со входом следующего.
  kind: choice
  options:
    - '`(L, D)`'
    - '`(D, L)`'
    - '`(L,)`'
  correct: 0
  id: 030-transformer-block-1
  fingerprint: 5ed09123
