- concept: 'детерминированная сериализация: одинаковый источник даёт побайтно одинаковый кеш, и дифф показывает только настоящие изменения'
  question: Сборка кеша правил должна давать побайтно одинаковый результат при одинаковом источнике. Заполни пропуск в сериализации.
  explanation: Порядок ключей в словаре не обязан совпадать между прогонами и версиями. Без фиксации порядка, отступов и завершающего перевода строки кеш меняется без изменения правил, и дифф зарастает шумом, в котором настоящая правка строгости или срока теряется.
  kind: cloze
  template: return json.dumps(payload, ___=True, indent=2) + "\n"
  answer: sort_keys
  accept:
    - sort_keys
    - sort_keys=True
  id: 033-rules-lock-1
  fingerprint: c50112be
- concept: 'порядок сборки кеша: разбор источника, отображение полей правила, детерминированная сериализация'
  question: Расставь шаги функции, собирающей lock-файл из авторского текста правил.
  explanation: 'Сборка не имеет своего разбора: она переиспользует парсер источника, поэтому повреждённая запись отвергается до того, как попадёт в кеш. Дальше остаётся чистое отображение полей и стабильная сериализация.'
  kind: order
  items:
    - Принять текст авторского файла правил
    - Разобрать его тем же парсером правил, отвергая повреждённые записи
    - 'Отобразить каждое правило в JSON-данные: slug, категорию, описание, имя check, severity, expires_at'
    - Сериализовать с фиксированным порядком правил, порядком ключей и форматированием
    - Вернуть готовый текст кеша
  id: 033-rules-lock-2
  fingerprint: f2919282
- concept: проверяльщик исполняет содержимое кеша, поэтому правка источника вступает в силу только после пересборки
  question: У правила в авторском файле severity изменили с block на warn, но lock-файл не пересобрали. Запускается проверяльщик, который читает lock. Что произойдёт?
  explanation: 'Кеш — то, что реально исполняется до следующей пересборки. Именно поэтому пересборка привязывается к автоматическому шагу перед коммитом: иначе расхождение проявляется не как ошибка, а как непонятное поведение — правило вроде бы ослабили, а работа всё равно останавливается.'
  kind: choice
  options:
    - 'Правило сработает как block: исполняется то, что лежит в кеше, а не то, что написано в источнике'
    - 'Правило сработает как warn: severity берётся из источника, кеш хранит только имена проверок'
    - Проверяльщик откажется работать, обнаружив расхождение с источником
    - Правило будет пропущено, потому что его severity неоднозначна
  correct: 0
  id: 033-rules-lock-3
  fingerprint: eec7f4e3
