- concept: 'детерминированная сериализация: одинаковый источник даёт побайтно одинаковый кеш, и дифф показывает только настоящие изменения'
  question: Сборка кеша правил должна давать побайтно одинаковый результат при одинаковом источнике. Заполни пропуск в сериализации.
  explanation: Порядок ключей в словаре не обязан совпадать между прогонами и версиями. Без фиксации порядка, отступов и завершающего перевода строки кеш меняется без изменения правил, и дифф зарастает шумом, в котором настоящая правка строгости или срока теряется.
  kind: cloze
  template: return json.dumps(payload, ___=True, indent=2) + "\n"
  answer: sort_keys
  accept:
    - sort_keys
    - sort_keys=True
  id: 033-rules-lock-1
  fingerprint: c50112be
