- concept: суммарное время занятости воркеров больше wall-clock, потому что их интервалы перекрываются во времени
  question: 'Прогон 7 воркеров: их личные времена занятости 13, 16, 11, 14, 10, 15 и 9 секунд (сумма 88), а по настенным часам прогон занял 19 секунд. Как это трактовать?'
  explanation: 'Складывать занятости параллельных воркеров бессмысленно: они текут одновременно. Наружу видно другое число — от старта прогона до готовности последнего результата. Именно оно (19 с) отвечает на вопрос «сколько ждал пользователь», а 88 с — суммарный объём выполненной работы.'
  kind: choice
  options:
    - Интервалы занятости шли одновременно, поэтому wall-clock не равен их сумме
    - 'Замер ошибочен: wall-clock не может быть меньше суммы времён воркеров'
    - Воркеры простаивали, из-за этого сумма занятостей вышла больше
    - Каждый воркер измерял время своими часами, значения несравнимы
  correct: 0
  id: 021-wall-clock-1
  fingerprint: 315b63a0
- concept: сравнение режимов по времени корректно только при одинаковом наборе задач и одинаковом числе воркеров
  question: 'Инженер сравнивает fixed assignment и swarm по настенным часам: fixed прогонял 30 задач на 7 воркерах, swarm — 44 задачи на 11 воркерах. Что не так с выводом «swarm быстрее»?'
  explanation: 'Отношение времён говорит о способе распределения только при равных условиях: тот же набор задач, то же число воркеров, тот же охватываемый секундомером участок. При разном объёме работы и разном числе воркеров измерены две разные системы.'
  kind: choice
  options:
    - 'Ничего: настенные часы измерены в обоих режимах, сравнение корректно'
    - Отличаются и набор задач, и число воркеров — разница во времени отражает разный объём работы и ресурсов, а не способ распределения
    - Надо было сравнивать не время, а число задач у каждого воркера
    - Swarm нельзя сравнивать с fixed, потому что порядок завершения у него не детерминирован
  correct: 1
  id: 021-wall-clock-2
  fingerprint: 17c0168b
- concept: оценка wall-clock роя — суммарная длительность задач, поделённая на число воркеров
  question: Задачи независимы, коротки и однородны по длительности, их суммарная длительность 119 секунд. Рой из 7 воркеров тянет их из общей очереди, балансировка близка к идеальной. Какого wall-clock стоит ожидать (в секундах)?
  explanation: '119 / 7 = 17 с. Рой стремится к этому пределу: освободившийся воркер сразу берёт следующую задачу, поэтому работа размазывается по всем воркерам почти без простоев. Приблизиться к сумме, поделённой на число воркеров, мешают только крупные задачи в конце и накладные расходы.'
  kind: numeric
  answer: 17
  tolerance: 1
  id: 021-wall-clock-3
  fingerprint: e099c91f
