- concept: суммарное время занятости воркеров больше wall-clock, потому что их интервалы перекрываются во времени
  question: 'Прогон 7 воркеров: их личные времена занятости 13, 16, 11, 14, 10, 15 и 9 секунд (сумма 88), а по настенным часам прогон занял 19 секунд. Как это трактовать?'
  explanation: 'Складывать занятости параллельных воркеров бессмысленно: они текут одновременно. Наружу видно другое число — от старта прогона до готовности последнего результата. Именно оно (19 с) отвечает на вопрос «сколько ждал пользователь», а 88 с — суммарный объём выполненной работы.'
  kind: choice
  options:
    - Интервалы занятости шли одновременно, поэтому wall-clock не равен их сумме
    - 'Замер ошибочен: wall-clock не может быть меньше суммы времён воркеров'
    - Воркеры простаивали, из-за этого сумма занятостей вышла больше
    - Каждый воркер измерял время своими часами, значения несравнимы
  correct: 0
  id: 021-wall-clock-1
  fingerprint: 315b63a0
