- concept: residual-связь задаёт обновление представления как аддитивную поправку
  question: Заполни формулу residual-преобразования, в котором ветвь вычисляет поправку к текущему представлению.
  explanation: Residual-блок сохраняет текущее представление x и прибавляет результат преобразующей ветви F(x). Поэтому ветви достаточно выучить полезную поправку, а не строить представление заново.
  kind: cloze
  template: y = ___
  answer: x + F(x)
  accept:
    - F(x) + x
  id: 007-block-1
  fingerprint: 2a38b062
