- concept: максимальный пулинг обрабатывает каждый канал независимо и не изменяет число каналов
  question: Тензор признаков формы `(B, C, H, W)` проходит через слой максимального пулинга с квадратным окном и равным ему шагом. Как слой обрабатывает оси batch и каналов?
  explanation: 'В Down-блоке `MaxPool2d(2)` уменьшает только высоту и ширину: `(N, 64, 256, 256) → (N, 64, 128, 128)`. Максимумы вычисляются независимо для каждого элемента batch и каждого канала, поэтому оси `N` и `C` не меняются.'
  kind: choice
  options:
    - Сохраняет `B` и `C`, выбирая максимум в каждом пространственном окне отдельно для каждого канала
    - Сохраняет `B`, но объединяет все каналы, выбирая максимум между ними
    - Сохраняет пространственную сетку, но увеличивает число каналов
    - Объединяет соседние элементы batch так же, как соседние пространственные позиции
  correct: 0
  id: 044-down-block-1
  fingerprint: f5dab692
